
Microsoft Visual Studio Solution File, Format Version 12.00
# Visual Studio 15
VisualStudioVersion = 15.0.27130.0
MinimumVisualStudioVersion = 10.0.40219.1
Project("{FAE04EC0-301F-11D3-BF4B-00C04F79EFBC}") = "LJSheng.Common", "LJSheng.Common\LJSheng.Common.csproj", "{E5DC1EA6-856A-4250-8DEE-6F1D2247FD9A}"
EndProject
Project("{FAE04EC0-301F-11D3-BF4B-00C04F79EFBC}") = "LJSheng.Data", "LJSheng.Data\LJSheng.Data.csproj", "{C6F51766-062B-40A2-BD60-92DBA5BEED4C}"
EndProject
Project("{FAE04EC0-301F-11D3-BF4B-00C04F79EFBC}") = "LJSheng.SMS", "LJSheng.SMS\LJSheng.SMS.csproj", "{CB235D42-4A47-4081-A5EF-0ABBC725DF48}"
EndProject
Project("{FAE04EC0-301F-11D3-BF4B-00C04F79EFBC}") = "LJSheng.Web", "LJSheng.Web\LJSheng.Web.csproj", "{FD7B2A21-1987-4737-980F-02DF05C7ACB5}"
EndProject
Project("{FAE04EC0-301F-11D3-BF4B-00C04F79EFBC}") = "LJSheng.WX", "LJSheng.WX\LJSheng.WX.csproj", "{5D6BF305-9E75-4406-AB03-729D1B351F9B}"
EndProject
Global
	GlobalSection(SolutionConfigurationPlatforms) = preSolution
		Debug|Any CPU = Debug|Any CPU
		Release|Any CPU = Release|Any CPU
	EndGlobalSection
	GlobalSection(ProjectConfigurationPlatforms) = postSolution
		{E5DC1EA6-856A-4250-8DEE-6F1D2247FD9A}.Debug|Any CPU.ActiveCfg = Debug|Any CPU
		{E5DC1EA6-856A-4250-8DEE-6F1D2247FD9A}.Debug|Any CPU.Build.0 = Debug|Any CPU
		{E5DC1EA6-856A-4250-8DEE-6F1D2247FD9A}.Release|Any CPU.ActiveCfg = Release|Any CPU
		{E5DC1EA6-856A-4250-8DEE-6F1D2247FD9A}.Release|Any CPU.Build.0 = Release|Any CPU
		{C6F51766-062B-40A2-BD60-92DBA5BEED4C}.Debug|Any CPU.ActiveCfg = Debug|Any CPU
		{C6F51766-062B-40A2-BD60-92DBA5BEED4C}.Debug|Any CPU.Build.0 = Debug|Any CPU
		{C6F51766-062B-40A2-BD60-92DBA5BEED4C}.Release|Any CPU.ActiveCfg = Release|Any CPU
		{C6F51766-062B-40A2-BD60-92DBA5BEED4C}.Release|Any CPU.Build.0 = Release|Any CPU
		{CB235D42-4A47-4081-A5EF-0ABBC725DF48}.Debug|Any CPU.ActiveCfg = Debug|Any CPU
		{CB235D42-4A47-4081-A5EF-0ABBC725DF48}.Debug|Any CPU.Build.0 = Debug|Any CPU
		{CB235D42-4A47-4081-A5EF-0ABBC725DF48}.Release|Any CPU.ActiveCfg = Release|Any CPU
		{CB235D42-4A47-4081-A5EF-0ABBC725DF48}.Release|Any CPU.Build.0 = Release|Any CPU
		{FD7B2A21-1987-4737-980F-02DF05C7ACB5}.Debug|Any CPU.ActiveCfg = Debug|Any CPU
		{FD7B2A21-1987-4737-980F-02DF05C7ACB5}.Debug|Any CPU.Build.0 = Debug|Any CPU
		{FD7B2A21-1987-4737-980F-02DF05C7ACB5}.Release|Any CPU.ActiveCfg = Release|Any CPU
		{FD7B2A21-1987-4737-980F-02DF05C7ACB5}.Release|Any CPU.Build.0 = Release|Any CPU
		{5D6BF305-9E75-4406-AB03-729D1B351F9B}.Debug|Any CPU.ActiveCfg = Debug|Any CPU
		{5D6BF305-9E75-4406-AB03-729D1B351F9B}.Debug|Any CPU.Build.0 = Debug|Any CPU
		{5D6BF305-9E75-4406-AB03-729D1B351F9B}.Release|Any CPU.ActiveCfg = Release|Any CPU
		{5D6BF305-9E75-4406-AB03-729D1B351F9B}.Release|Any CPU.Build.0 = Release|Any CPU
	EndGlobalSection
	GlobalSection(SolutionProperties) = preSolution
		HideSolutionNode = FALSE
	EndGlobalSection
	GlobalSection(ExtensibilityGlobals) = postSolution
		SolutionGuid = {FC7515D7-A56E-4AC5-8262-FEF5358DE9E9}
	EndGlobalSection
EndGlobal
